
Microsoft Visual Studio Solution File, Format Version 12.00
# Visual Studio Version 16
VisualStudioVersion = 16.0.30309.148
MinimumVisualStudioVersion = 10.0.40219.1
Project("{9A19103F-16F7-4668-BE54-9A1E7A4F7556}") = "SharpDoor_Server", "SharpDoor_Server.csproj", "{1AE5F5C3-48EE-4647-87D2-EF912396BC0A}"
EndProject
Global
	GlobalSection(SolutionConfigurationPlatforms) = preSolution
		Debug|Any CPU = Debug|Any CPU
		Release|Any CPU = Release|Any CPU
	EndGlobalSection
	GlobalSection(ProjectConfigurationPlatforms) = postSolution
		{1AE5F5C3-48EE-4647-87D2-EF912396BC0A}.Debug|Any CPU.ActiveCfg = Debug|Any CPU
		{1AE5F5C3-48EE-4647-87D2-EF912396BC0A}.Debug|Any CPU.Build.0 = Debug|Any CPU
		{1AE5F5C3-48EE-4647-87D2-EF912396BC0A}.Release|Any CPU.ActiveCfg = Release|Any CPU
		{1AE5F5C3-48EE-4647-87D2-EF912396BC0A}.Release|Any CPU.Build.0 = Release|Any CPU
	EndGlobalSection
	GlobalSection(SolutionProperties) = preSolution
		HideSolutionNode = FALSE
	EndGlobalSection
	GlobalSection(ExtensibilityGlobals) = postSolution
		SolutionGuid = {3E64C12F-A1AD-4493-82D0-7D170A4FD391}
	EndGlobalSection
EndGlobal
